// !$*UTF8*$!
{
	archiveVersion = 1;
	classes = {
	};
	objectVersion = 46;
	objects = {

/* Begin PBXBuildFile section */
		09047AA71E4C01640024598B /* Test1ViewController.m in Sources */ = {isa = PBXBuildFile; fileRef = 09047AA61E4C01640024598B /* Test1ViewController.m */; };
		09047AAA1E4C0AD80024598B /* TestSuperViewController.m in Sources */ = {isa = PBXBuildFile; fileRef = 09047AA91E4C0AD80024598B /* TestSuperViewController.m */; };
		09047AAD1E4C0B4D0024598B /* Test2ViewController.m in Sources */ = {isa = PBXBuildFile; fileRef = 09047AAC1E4C0B4D0024598B /* Test2ViewController.m */; };
		09047AB01E4C0CCB0024598B /* Test3ViewController.m in Sources */ = {isa = PBXBuildFile; fileRef = 09047AAF1E4C0CCB0024598B /* Test3ViewController.m */; };
		09047AB31E4C16310024598B /* Test4ViewController.m in Sources */ = {isa = PBXBuildFile; fileRef = 09047AB21E4C16310024598B /* Test4ViewController.m */; };
		099FC8E020D8C12A00136BD9 /* WyhEmptyStyle.m in Sources */ = {isa = PBXBuildFile; fileRef = 099FC8D720D8C12A00136BD9 /* WyhEmptyStyle.m */; };
		099FC8E120D8C12A00136BD9 /* UIView+WyhShowEmpty.m in Sources */ = {isa = PBXBuildFile; fileRef = 099FC8D820D8C12A00136BD9 /* UIView+WyhShowEmpty.m */; };
		099FC8E220D8C12A00136BD9 /* UIViewController+WyhShowEmpty.m in Sources */ = {isa = PBXBuildFile; fileRef = 099FC8D920D8C12A00136BD9 /* UIViewController+WyhShowEmpty.m */; };
		099FC8E320D8C12A00136BD9 /* UIView+WyhExtension.m in Sources */ = {isa = PBXBuildFile; fileRef = 099FC8DA20D8C12A00136BD9 /* UIView+WyhExtension.m */; };
		099FC8E420D8C12A00136BD9 /* WyhEmpty.bundle in Resources */ = {isa = PBXBuildFile; fileRef = 099FC8DB20D8C12A00136BD9 /* WyhEmpty.bundle */; };
		099FC8E520D8C12A00136BD9 /* WyhShowEmptyConst.m in Sources */ = {isa = PBXBuildFile; fileRef = 099FC8DD20D8C12A00136BD9 /* WyhShowEmptyConst.m */; };
		DFE715B51E4ACB8200498449 /* main.m in Sources */ = {isa = PBXBuildFile; fileRef = DFE715B41E4ACB8200498449 /* main.m */; };
		DFE715B81E4ACB8200498449 /* AppDelegate.m in Sources */ = {isa = PBXBuildFile; fileRef = DFE715B71E4ACB8200498449 /* AppDelegate.m */; };
		DFE715BB1E4ACB8200498449 /* ViewController.m in Sources */ = {isa = PBXBuildFile; fileRef = DFE715BA1E4ACB8200498449 /* ViewController.m */; };
		DFE715BE1E4ACB8200498449 /* Main.storyboard in Resources */ = {isa = PBXBuildFile; fileRef = DFE715BC1E4ACB8200498449 /* Main.storyboard */; };
		DFE715C01E4ACB8200498449 /* Assets.xcassets in Resources */ = {isa = PBXBuildFile; fileRef = DFE715BF1E4ACB8200498449 /* Assets.xcassets */; };
		DFE715C31E4ACB8200498449 /* LaunchScreen.storyboard in Resources */ = {isa = PBXBuildFile; fileRef = DFE715C11E4ACB8200498449 /* LaunchScreen.storyboard */; };
		DFE715CE1E4ACB8200498449 /* WyhShowEmptyCategoryTests.m in Sources */ = {isa = PBXBuildFile; fileRef = DFE715CD1E4ACB8200498449 /* WyhShowEmptyCategoryTests.m */; };
		DFE715D91E4ACB8200498449 /* WyhShowEmptyCategoryUITests.m in Sources */ = {isa = PBXBuildFile; fileRef = DFE715D81E4ACB8200498449 /* WyhShowEmptyCategoryUITests.m */; };
/* End PBXBuildFile section */

/* Begin PBXContainerItemProxy section */
		DFE715CA1E4ACB8200498449 /* PBXContainerItemProxy */ = {
			isa = PBXContainerItemProxy;
			containerPortal = DFE715A81E4ACB8200498449 /* Project object */;
			proxyType = 1;
			remoteGlobalIDString = DFE715AF1E4ACB8200498449;
			remoteInfo = WyhShowEmptyCategory;
		};
		DFE715D51E4ACB8200498449 /* PBXContainerItemProxy */ = {
			isa = PBXContainerItemProxy;
			containerPortal = DFE715A81E4ACB8200498449 /* Project object */;
			proxyType = 1;
			remoteGlobalIDString = DFE715AF1E4ACB8200498449;
			remoteInfo = WyhShowEmptyCategory;
		};
/* End PBXContainerItemProxy section */

/* Begin PBXFileReference section */
		09047AA51E4C01640024598B /* Test1ViewController.h */ = {isa = PBXFileReference; fileEncoding = 4; lastKnownFileType = sourcecode.c.h; path = Test1ViewController.h; sourceTree = "<group>"; };
		09047AA61E4C01640024598B /* Test1ViewController.m */ = {isa = PBXFileReference; fileEncoding = 4; lastKnownFileType = sourcecode.c.objc; path = Test1ViewController.m; sourceTree = "<group>"; };
		09047AA81E4C0AD80024598B /* TestSuperViewController.h */ = {isa = PBXFileReference; fileEncoding = 4; lastKnownFileType = sourcecode.c.h; path = TestSuperViewController.h; sourceTree = "<group>"; };
		09047AA91E4C0AD80024598B /* TestSuperViewController.m */ = {isa = PBXFileReference; fileEncoding = 4; lastKnownFileType = sourcecode.c.objc; path = TestSuperViewController.m; sourceTree = "<group>"; };
		09047AAB1E4C0B4D0024598B /* Test2ViewController.h */ = {isa = PBXFileReference; fileEncoding = 4; lastKnownFileType = sourcecode.c.h; path = Test2ViewController.h; sourceTree = "<group>"; };
		09047AAC1E4C0B4D0024598B /* Test2ViewController.m */ = {isa = PBXFileReference; fileEncoding = 4; lastKnownFileType = sourcecode.c.objc; path = Test2ViewController.m; sourceTree = "<group>"; };
		09047AAE1E4C0CCB0024598B /* Test3ViewController.h */ = {isa = PBXFileReference; fileEncoding = 4; lastKnownFileType = sourcecode.c.h; path = Test3ViewController.h; sourceTree = "<group>"; };
		09047AAF1E4C0CCB0024598B /* Test3ViewController.m */ = {isa = PBXFileReference; fileEncoding = 4; lastKnownFileType = sourcecode.c.objc; path = Test3ViewController.m; sourceTree = "<group>"; };
		09047AB11E4C16310024598B /* Test4ViewController.h */ = {isa = PBXFileReference; fileEncoding = 4; lastKnownFileType = sourcecode.c.h; path = Test4ViewController.h; sourceTree = "<group>"; };
		09047AB21E4C16310024598B /* Test4ViewController.m */ = {isa = PBXFileReference; fileEncoding = 4; lastKnownFileType = sourcecode.c.objc; path = Test4ViewController.m; sourceTree = "<group>"; };
		099FC8D420D8C12A00136BD9 /* UIView+WyhExtension.h */ = {isa = PBXFileReference; fileEncoding = 4; lastKnownFileType = sourcecode.c.h; path = "UIView+WyhExtension.h"; sourceTree = "<group>"; };
		099FC8D520D8C12A00136BD9 /* WyhShowEmpty.h */ = {isa = PBXFileReference; fileEncoding = 4; lastKnownFileType = sourcecode.c.h; path = WyhShowEmpty.h; sourceTree = "<group>"; };
		099FC8D620D8C12A00136BD9 /* WyhShowEmptyConst.h */ = {isa = PBXFileReference; fileEncoding = 4; lastKnownFileType = sourcecode.c.h; path = WyhShowEmptyConst.h; sourceTree = "<group>"; };
		099FC8D720D8C12A00136BD9 /* WyhEmptyStyle.m */ = {isa = PBXFileReference; fileEncoding = 4; lastKnownFileType = sourcecode.c.objc; path = WyhEmptyStyle.m; sourceTree = "<group>"; };
		099FC8D820D8C12A00136BD9 /* UIView+WyhShowEmpty.m */ = {isa = PBXFileReference; fileEncoding = 4; lastKnownFileType = sourcecode.c.objc; path = "UIView+WyhShowEmpty.m"; sourceTree = "<group>"; };
		099FC8D920D8C12A00136BD9 /* UIViewController+WyhShowEmpty.m */ = {isa = PBXFileReference; fileEncoding = 4; lastKnownFileType = sourcecode.c.objc; path = "UIViewController+WyhShowEmpty.m"; sourceTree = "<group>"; };
		099FC8DA20D8C12A00136BD9 /* UIView+WyhExtension.m */ = {isa = PBXFileReference; fileEncoding = 4; lastKnownFileType = sourcecode.c.objc; path = "UIView+WyhExtension.m"; sourceTree = "<group>"; };
		099FC8DB20D8C12A00136BD9 /* WyhEmpty.bundle */ = {isa = PBXFileReference; lastKnownFileType = "wrapper.plug-in"; path = WyhEmpty.bundle; sourceTree = "<group>"; };
		099FC8DC20D8C12A00136BD9 /* WyhEmptyStyle.h */ = {isa = PBXFileReference; fileEncoding = 4; lastKnownFileType = sourcecode.c.h; path = WyhEmptyStyle.h; sourceTree = "<group>"; };
		099FC8DD20D8C12A00136BD9 /* WyhShowEmptyConst.m */ = {isa = PBXFileReference; fileEncoding = 4; lastKnownFileType = sourcecode.c.objc; path = WyhShowEmptyConst.m; sourceTree = "<group>"; };
		099FC8DE20D8C12A00136BD9 /* UIViewController+WyhShowEmpty.h */ = {isa = PBXFileReference; fileEncoding = 4; lastKnownFileType = sourcecode.c.h; path = "UIViewController+WyhShowEmpty.h"; sourceTree = "<group>"; };
		099FC8DF20D8C12A00136BD9 /* UIView+WyhShowEmpty.h */ = {isa = PBXFileReference; fileEncoding = 4; lastKnownFileType = sourcecode.c.h; path = "UIView+WyhShowEmpty.h"; sourceTree = "<group>"; };
		DFE715B01E4ACB8200498449 /* WyhShowEmptyCategory.app */ = {isa = PBXFileReference; explicitFileType = wrapper.application; includeInIndex = 0; path = WyhShowEmptyCategory.app; sourceTree = BUILT_PRODUCTS_DIR; };
		DFE715B41E4ACB8200498449 /* main.m */ = {isa = PBXFileReference; lastKnownFileType = sourcecode.c.objc; path = main.m; sourceTree = "<group>"; };
		DFE715B61E4ACB8200498449 /* AppDelegate.h */ = {isa = PBXFileReference; lastKnownFileType = sourcecode.c.h; path = AppDelegate.h; sourceTree = "<group>"; };
		DFE715B71E4ACB8200498449 /* AppDelegate.m */ = {isa = PBXFileReference; lastKnownFileType = sourcecode.c.objc; path = AppDelegate.m; sourceTree = "<group>"; };
		DFE715B91E4ACB8200498449 /* ViewController.h */ = {isa = PBXFileReference; lastKnownFileType = sourcecode.c.h; path = ViewController.h; sourceTree = "<group>"; };
		DFE715BA1E4ACB8200498449 /* ViewController.m */ = {isa = PBXFileReference; lastKnownFileType = sourcecode.c.objc; path = ViewController.m; sourceTree = "<group>"; };
		DFE715BD1E4ACB8200498449 /* Base */ = {isa = PBXFileReference; lastKnownFileType = file.storyboard; name = Base; path = Base.lproj/Main.storyboard; sourceTree = "<group>"; };
		DFE715BF1E4ACB8200498449 /* Assets.xcassets */ = {isa = PBXFileReference; lastKnownFileType = folder.assetcatalog; path = Assets.xcassets; sourceTree = "<group>"; };
		DFE715C21E4ACB8200498449 /* Base */ = {isa = PBXFileReference; lastKnownFileType = file.storyboard; name = Base; path = Base.lproj/LaunchScreen.storyboard; sourceTree = "<group>"; };
		DFE715C41E4ACB8200498449 /* Info.plist */ = {isa = PBXFileReference; lastKnownFileType = text.plist.xml; path = Info.plist; sourceTree = "<group>"; };
		DFE715C91E4ACB8200498449 /* WyhShowEmptyCategoryTests.xctest */ = {isa = PBXFileReference; explicitFileType = wrapper.cfbundle; includeInIndex = 0; path = WyhShowEmptyCategoryTests.xctest; sourceTree = BUILT_PRODUCTS_DIR; };
		DFE715CD1E4ACB8200498449 /* WyhShowEmptyCategoryTests.m */ = {isa = PBXFileReference; lastKnownFileType = sourcecode.c.objc; path = WyhShowEmptyCategoryTests.m; sourceTree = "<group>"; };
		DFE715CF1E4ACB8200498449 /* Info.plist */ = {isa = PBXFileReference; lastKnownFileType = text.plist.xml; path = Info.plist; sourceTree = "<group>"; };
		DFE715D41E4ACB8200498449 /* WyhShowEmptyCategoryUITests.xctest */ = {isa = PBXFileReference; explicitFileType = wrapper.cfbundle; includeInIndex = 0; path = WyhShowEmptyCategoryUITests.xctest; sourceTree = BUILT_PRODUCTS_DIR; };
		DFE715D81E4ACB8200498449 /* WyhShowEmptyCategoryUITests.m */ = {isa = PBXFileReference; lastKnownFileType = sourcecode.c.objc; path = WyhShowEmptyCategoryUITests.m; sourceTree = "<group>"; };
		DFE715DA1E4ACB8200498449 /* Info.plist */ = {isa = PBXFileReference; lastKnownFileType = text.plist.xml; path = Info.plist; sourceTree = "<group>"; };
/* End PBXFileReference section */

/* Begin PBXFrameworksBuildPhase section */
		DFE715AD1E4ACB8200498449 /* Frameworks */ = {
			isa = PBXFrameworksBuildPhase;
			buildActionMask = 2147483647;
			files = (
			);
			runOnlyForDeploymentPostprocessing = 0;
		};
		DFE715C61E4ACB8200498449 /* Frameworks */ = {
			isa = PBXFrameworksBuildPhase;
			buildActionMask = 2147483647;
			files = (
			);
			runOnlyForDeploymentPostprocessing = 0;
		};
		DFE715D11E4ACB8200498449 /* Frameworks */ = {
			isa = PBXFrameworksBuildPhase;
			buildActionMask = 2147483647;
			files = (
			);
			runOnlyForDeploymentPostprocessing = 0;
		};
/* End PBXFrameworksBuildPhase section */

/* Begin PBXGroup section */
		09047AA41E4C00F30024598B /* 示例 */ = {
			isa = PBXGroup;
			children = (
				09047AA81E4C0AD80024598B /* TestSuperViewController.h */,
				09047AA91E4C0AD80024598B /* TestSuperViewController.m */,
				09047AA51E4C01640024598B /* Test1ViewController.h */,
				09047AA61E4C01640024598B /* Test1ViewController.m */,
				09047AAB1E4C0B4D0024598B /* Test2ViewController.h */,
				09047AAC1E4C0B4D0024598B /* Test2ViewController.m */,
				09047AAE1E4C0CCB0024598B /* Test3ViewController.h */,
				09047AAF1E4C0CCB0024598B /* Test3ViewController.m */,
				09047AB11E4C16310024598B /* Test4ViewController.h */,
				09047AB21E4C16310024598B /* Test4ViewController.m */,
			);
			path = "示例";
			sourceTree = "<group>";
		};
		099FC8D320D8C12A00136BD9 /* WyhShowEmpty */ = {
			isa = PBXGroup;
			children = (
				099FC8D420D8C12A00136BD9 /* UIView+WyhExtension.h */,
				099FC8D520D8C12A00136BD9 /* WyhShowEmpty.h */,
				099FC8D620D8C12A00136BD9 /* WyhShowEmptyConst.h */,
				099FC8D720D8C12A00136BD9 /* WyhEmptyStyle.m */,
				099FC8D820D8C12A00136BD9 /* UIView+WyhShowEmpty.m */,
				099FC8D920D8C12A00136BD9 /* UIViewController+WyhShowEmpty.m */,
				099FC8DA20D8C12A00136BD9 /* UIView+WyhExtension.m */,
				099FC8DB20D8C12A00136BD9 /* WyhEmpty.bundle */,
				099FC8DC20D8C12A00136BD9 /* WyhEmptyStyle.h */,
				099FC8DD20D8C12A00136BD9 /* WyhShowEmptyConst.m */,
				099FC8DE20D8C12A00136BD9 /* UIViewController+WyhShowEmpty.h */,
				099FC8DF20D8C12A00136BD9 /* UIView+WyhShowEmpty.h */,
			);
			path = WyhShowEmpty;
			sourceTree = SOURCE_ROOT;
		};
		DFE715A71E4ACB8200498449 = {
			isa = PBXGroup;
			children = (
				DFE715B21E4ACB8200498449 /* WyhShowEmptyCategory */,
				DFE715CC1E4ACB8200498449 /* WyhShowEmptyCategoryTests */,
				DFE715D71E4ACB8200498449 /* WyhShowEmptyCategoryUITests */,
				DFE715B11E4ACB8200498449 /* Products */,
			);
			sourceTree = "<group>";
		};
		DFE715B11E4ACB8200498449 /* Products */ = {
			isa = PBXGroup;
			children = (
				DFE715B01E4ACB8200498449 /* WyhShowEmptyCategory.app */,
				DFE715C91E4ACB8200498449 /* WyhShowEmptyCategoryTests.xctest */,
				DFE715D41E4ACB8200498449 /* WyhShowEmptyCategoryUITests.xctest */,
			);
			name = Products;
			sourceTree = "<group>";
		};
		DFE715B21E4ACB8200498449 /* WyhShowEmptyCategory */ = {
			isa = PBXGroup;
			children = (
				099FC8D320D8C12A00136BD9 /* WyhShowEmpty */,
				DFE715B61E4ACB8200498449 /* AppDelegate.h */,
				DFE715B71E4ACB8200498449 /* AppDelegate.m */,
				DFE715B91E4ACB8200498449 /* ViewController.h */,
				DFE715BA1E4ACB8200498449 /* ViewController.m */,
				09047AA41E4C00F30024598B /* 示例 */,
				DFE715BC1E4ACB8200498449 /* Main.storyboard */,
				DFE715BF1E4ACB8200498449 /* Assets.xcassets */,
				DFE715C11E4ACB8200498449 /* LaunchScreen.storyboard */,
				DFE715C41E4ACB8200498449 /* Info.plist */,
				DFE715B31E4ACB8200498449 /* Supporting Files */,
			);
			path = WyhShowEmptyCategory;
			sourceTree = "<group>";
		};
		DFE715B31E4ACB8200498449 /* Supporting Files */ = {
			isa = PBXGroup;
			children = (
				DFE715B41E4ACB8200498449 /* main.m */,
			);
			name = "Supporting Files";
			sourceTree = "<group>";
		};
		DFE715CC1E4ACB8200498449 /* WyhShowEmptyCategoryTests */ = {
			isa = PBXGroup;
			children = (
				DFE715CD1E4ACB8200498449 /* WyhShowEmptyCategoryTests.m */,
				DFE715CF1E4ACB8200498449 /* Info.plist */,
			);
			path = WyhShowEmptyCategoryTests;
			sourceTree = "<group>";
		};
		DFE715D71E4ACB8200498449 /* WyhShowEmptyCategoryUITests */ = {
			isa = PBXGroup;
			children = (
				DFE715D81E4ACB8200498449 /* WyhShowEmptyCategoryUITests.m */,
				DFE715DA1E4ACB8200498449 /* Info.plist */,
			);
			path = WyhShowEmptyCategoryUITests;
			sourceTree = "<group>";
		};
/* End PBXGroup section */

/* Begin PBXNativeTarget section */
		DFE715AF1E4ACB8200498449 /* WyhShowEmptyCategory */ = {
			isa = PBXNativeTarget;
			buildConfigurationList = DFE715DD1E4ACB8200498449 /* Build configuration list for PBXNativeTarget "WyhShowEmptyCategory" */;
			buildPhases = (
				DFE715AC1E4ACB8200498449 /* Sources */,
				DFE715AD1E4ACB8200498449 /* Frameworks */,
				DFE715AE1E4ACB8200498449 /* Resources */,
			);
			buildRules = (
			);
			dependencies = (
			);
			name = WyhShowEmptyCategory;
			productName = WyhShowEmptyCategory;
			productReference = DFE715B01E4ACB8200498449 /* WyhShowEmptyCategory.app */;
			productType = "com.apple.product-type.application";
		};
		DFE715C81E4ACB8200498449 /* WyhShowEmptyCategoryTests */ = {
			isa = PBXNativeTarget;
			buildConfigurationList = DFE715E01E4ACB8200498449 /* Build configuration list for PBXNativeTarget "WyhShowEmptyCategoryTests" */;
			buildPhases = (
				DFE715C51E4ACB8200498449 /* Sources */,
				DFE715C61E4ACB8200498449 /* Frameworks */,
				DFE715C71E4ACB8200498449 /* Resources */,
			);
			buildRules = (
			);
			dependencies = (
				DFE715CB1E4ACB8200498449 /* PBXTargetDependency */,
			);
			name = WyhShowEmptyCategoryTests;
			productName = WyhShowEmptyCategoryTests;
			productReference = DFE715C91E4ACB8200498449 /* WyhShowEmptyCategoryTests.xctest */;
			productType = "com.apple.product-type.bundle.unit-test";
		};
		DFE715D31E4ACB8200498449 /* WyhShowEmptyCategoryUITests */ = {
			isa = PBXNativeTarget;
			buildConfigurationList = DFE715E31E4ACB8200498449 /* Build configuration list for PBXNativeTarget "WyhShowEmptyCategoryUITests" */;
			buildPhases = (
				DFE715D01E4ACB8200498449 /* Sources */,
				DFE715D11E4ACB8200498449 /* Frameworks */,
				DFE715D21E4ACB8200498449 /* Resources */,
			);
			buildRules = (
			);
			dependencies = (
				DFE715D61E4ACB8200498449 /* PBXTargetDependency */,
			);
			name = WyhShowEmptyCategoryUITests;
			productName = WyhShowEmptyCategoryUITests;
			productReference = DFE715D41E4ACB8200498449 /* WyhShowEmptyCategoryUITests.xctest */;
			productType = "com.apple.product-type.bundle.ui-testing";
		};
/* End PBXNativeTarget section */

/* Begin PBXProject section */
		DFE715A81E4ACB8200498449 /* Project object */ = {
			isa = PBXProject;
			attributes = {
				LastUpgradeCheck = 0820;
				ORGANIZATIONNAME = wyh;
				TargetAttributes = {
					DFE715AF1E4ACB8200498449 = {
						CreatedOnToolsVersion = 8.2.1;
						DevelopmentTeam = BMUQH3K6HK;
						ProvisioningStyle = Automatic;
					};
					DFE715C81E4ACB8200498449 = {
						CreatedOnToolsVersion = 8.2.1;
						ProvisioningStyle = Automatic;
						TestTargetID = DFE715AF1E4ACB8200498449;
					};
					DFE715D31E4ACB8200498449 = {
						CreatedOnToolsVersion = 8.2.1;
						ProvisioningStyle = Automatic;
						TestTargetID = DFE715AF1E4ACB8200498449;
					};
				};
			};
			buildConfigurationList = DFE715AB1E4ACB8200498449 /* Build configuration list for PBXProject "WyhShowEmptyCategory" */;
			compatibilityVersion = "Xcode 3.2";
			developmentRegion = English;
			hasScannedForEncodings = 0;
			knownRegions = (
				en,
				Base,
			);
			mainGroup = DFE715A71E4ACB8200498449;
			productRefGroup = DFE715B11E4ACB8200498449 /* Products */;
			projectDirPath = "";
			projectRoot = "";
			targets = (
				DFE715AF1E4ACB8200498449 /* WyhShowEmptyCategory */,
				DFE715C81E4ACB8200498449 /* WyhShowEmptyCategoryTests */,
				DFE715D31E4ACB8200498449 /* WyhShowEmptyCategoryUITests */,
			);
		};
/* End PBXProject section */

/* Begin PBXResourcesBuildPhase section */
		DFE715AE1E4ACB8200498449 /* Resources */ = {
			isa = PBXResourcesBuildPhase;
			buildActionMask = 2147483647;
			files = (
				DFE715C31E4ACB8200498449 /* LaunchScreen.storyboard in Resources */,
				DFE715C01E4ACB8200498449 /* Assets.xcassets in Resources */,
				099FC8E420D8C12A00136BD9 /* WyhEmpty.bundle in Resources */,
				DFE715BE1E4ACB8200498449 /* Main.storyboard in Resources */,
			);
			runOnlyForDeploymentPostprocessing = 0;
		};
		DFE715C71E4ACB8200498449 /* Resources */ = {
			isa = PBXResourcesBuildPhase;
			buildActionMask = 2147483647;
			files = (
			);
			runOnlyForDeploymentPostprocessing = 0;
		};
		DFE715D21E4ACB8200498449 /* Resources */ = {
			isa = PBXResourcesBuildPhase;
			buildActionMask = 2147483647;
			files = (
			);
			runOnlyForDeploymentPostprocessing = 0;
		};
/* End PBXResourcesBuildPhase section */

/* Begin PBXSourcesBuildPhase section */
		DFE715AC1E4ACB8200498449 /* Sources */ = {
			isa = PBXSourcesBuildPhase;
			buildActionMask = 2147483647;
			files = (
				09047AA71E4C01640024598B /* Test1ViewController.m in Sources */,
				DFE715BB1E4ACB8200498449 /* ViewController.m in Sources */,
				09047AB01E4C0CCB0024598B /* Test3ViewController.m in Sources */,
				09047AAD1E4C0B4D0024598B /* Test2ViewController.m in Sources */,
				09047AB31E4C16310024598B /* Test4ViewController.m in Sources */,
				099FC8E320D8C12A00136BD9 /* UIView+WyhExtension.m in Sources */,
				099FC8E520D8C12A00136BD9 /* WyhShowEmptyConst.m in Sources */,
				099FC8E220D8C12A00136BD9 /* UIViewController+WyhShowEmpty.m in Sources */,
				DFE715B81E4ACB8200498449 /* AppDelegate.m in Sources */,
				099FC8E020D8C12A00136BD9 /* WyhEmptyStyle.m in Sources */,
				DFE715B51E4ACB8200498449 /* main.m in Sources */,
				099FC8E120D8C12A00136BD9 /* UIView+WyhShowEmpty.m in Sources */,
				09047AAA1E4C0AD80024598B /* TestSuperViewController.m in Sources */,
			);
			runOnlyForDeploymentPostprocessing = 0;
		};
		DFE715C51E4ACB8200498449 /* Sources */ = {
			isa = PBXSourcesBuildPhase;
			buildActionMask = 2147483647;
			files = (
				DFE715CE1E4ACB8200498449 /* WyhShowEmptyCategoryTests.m in Sources */,
			);
			runOnlyForDeploymentPostprocessing = 0;
		};
		DFE715D01E4ACB8200498449 /* Sources */ = {
			isa = PBXSourcesBuildPhase;
			buildActionMask = 2147483647;
			files = (
				DFE715D91E4ACB8200498449 /* WyhShowEmptyCategoryUITests.m in Sources */,
			);
			runOnlyForDeploymentPostprocessing = 0;
		};
/* End PBXSourcesBuildPhase section */

/* Begin PBXTargetDependency section */
		DFE715CB1E4ACB8200498449 /* PBXTargetDependency */ = {
			isa = PBXTargetDependency;
			target = DFE715AF1E4ACB8200498449 /* WyhShowEmptyCategory */;
			targetProxy = DFE715CA1E4ACB8200498449 /* PBXContainerItemProxy */;
		};
		DFE715D61E4ACB8200498449 /* PBXTargetDependency */ = {
			isa = PBXTargetDependency;
			target = DFE715AF1E4ACB8200498449 /* WyhShowEmptyCategory */;
			targetProxy = DFE715D51E4ACB8200498449 /* PBXContainerItemProxy */;
		};
/* End PBXTargetDependency section */

/* Begin PBXVariantGroup section */
		DFE715BC1E4ACB8200498449 /* Main.storyboard */ = {
			isa = PBXVariantGroup;
			children = (
				DFE715BD1E4ACB8200498449 /* Base */,
			);
			name = Main.storyboard;
			sourceTree = "<group>";
		};
		DFE715C11E4ACB8200498449 /* LaunchScreen.storyboard */ = {
			isa = PBXVariantGroup;
			children = (
				DFE715C21E4ACB8200498449 /* Base */,
			);
			name = LaunchScreen.storyboard;
			sourceTree = "<group>";
		};
/* End PBXVariantGroup section */

/* Begin XCBuildConfiguration section */
		DFE715DB1E4ACB8200498449 /* Debug */ = {
			isa = XCBuildConfiguration;
			buildSettings = {
				ALWAYS_SEARCH_USER_PATHS = NO;
				CLANG_ANALYZER_NONNULL = YES;
				CLANG_CXX_LANGUAGE_STANDARD = "gnu++0x";
				CLANG_CXX_LIBRARY = "libc++";
				CLANG_ENABLE_MODULES = YES;
				CLANG_ENABLE_OBJC_ARC = YES;
				CLANG_WARN_BOOL_CONVERSION = YES;
				CLANG_WARN_CONSTANT_CONVERSION = YES;
				CLANG_WARN_DIRECT_OBJC_ISA_USAGE = YES_ERROR;
				CLANG_WARN_DOCUMENTATION_COMMENTS = YES;
				CLANG_WARN_EMPTY_BODY = YES;
				CLANG_WARN_ENUM_CONVERSION = YES;
				CLANG_WARN_INFINITE_RECURSION = YES;
				CLANG_WARN_INT_CONVERSION = YES;
				CLANG_WARN_OBJC_ROOT_CLASS = YES_ERROR;
				CLANG_WARN_SUSPICIOUS_MOVE = YES;
				CLANG_WARN_UNREACHABLE_CODE = YES;
				CLANG_WARN__DUPLICATE_METHOD_MATCH = YES;
				"CODE_SIGN_IDENTITY[sdk=iphoneos*]" = "iPhone Developer";
				COPY_PHASE_STRIP = NO;
				DEBUG_INFORMATION_FORMAT = dwarf;
				ENABLE_STRICT_OBJC_MSGSEND = YES;
				ENABLE_TESTABILITY = YES;
				GCC_C_LANGUAGE_STANDARD = gnu99;
				GCC_DYNAMIC_NO_PIC = NO;
				GCC_NO_COMMON_BLOCKS = YES;
				GCC_OPTIMIZATION_LEVEL = 0;
				GCC_PREPROCESSOR_DEFINITIONS = (
					"DEBUG=1",
					"$(inherited)",
				);
				GCC_WARN_64_TO_32_BIT_CONVERSION = YES;
				GCC_WARN_ABOUT_RETURN_TYPE = YES_ERROR;
				GCC_WARN_UNDECLARED_SELECTOR = YES;
				GCC_WARN_UNINITIALIZED_AUTOS = YES_AGGRESSIVE;
				GCC_WARN_UNUSED_FUNCTION = YES;
				GCC_WARN_UNUSED_VARIABLE = YES;
				IPHONEOS_DEPLOYMENT_TARGET = 10.2;
				MTL_ENABLE_DEBUG_INFO = YES;
				ONLY_ACTIVE_ARCH = YES;
				SDKROOT = iphoneos;
			};
			name = Debug;
		};
		DFE715DC1E4ACB8200498449 /* Release */ = {
			isa = XCBuildConfiguration;
			buildSettings = {
				ALWAYS_SEARCH_USER_PATHS = NO;
				CLANG_ANALYZER_NONNULL = YES;
				CLANG_CXX_LANGUAGE_STANDARD = "gnu++0x";
				CLANG_CXX_LIBRARY = "libc++";
				CLANG_ENABLE_MODULES = YES;
				CLANG_ENABLE_OBJC_ARC = YES;
				CLANG_WARN_BOOL_CONVERSION = YES;
				CLANG_WARN_CONSTANT_CONVERSION = YES;
				CLANG_WARN_DIRECT_OBJC_ISA_USAGE = YES_ERROR;
				CLANG_WARN_DOCUMENTATION_COMMENTS = YES;
				CLANG_WARN_EMPTY_BODY = YES;
				CLANG_WARN_ENUM_CONVERSION = YES;
				CLANG_WARN_INFINITE_RECURSION = YES;
				CLANG_WARN_INT_CONVERSION = YES;
				CLANG_WARN_OBJC_ROOT_CLASS = YES_ERROR;
				CLANG_WARN_SUSPICIOUS_MOVE = YES;
				CLANG_WARN_UNREACHABLE_CODE = YES;
				CLANG_WARN__DUPLICATE_METHOD_MATCH = YES;
				"CODE_SIGN_IDENTITY[sdk=iphoneos*]" = "iPhone Developer";
				COPY_PHASE_STRIP = NO;
				DEBUG_INFORMATION_FORMAT = "dwarf-with-dsym";
				ENABLE_NS_ASSERTIONS = NO;
				ENABLE_STRICT_OBJC_MSGSEND = YES;
				GCC_C_LANGUAGE_STANDARD = gnu99;
				GCC_NO_COMMON_BLOCKS = YES;
				GCC_WARN_64_TO_32_BIT_CONVERSION = YES;
				GCC_WARN_ABOUT_RETURN_TYPE = YES_ERROR;
				GCC_WARN_UNDECLARED_SELECTOR = YES;
				GCC_WARN_UNINITIALIZED_AUTOS = YES_AGGRESSIVE;
				GCC_WARN_UNUSED_FUNCTION = YES;
				GCC_WARN_UNUSED_VARIABLE = YES;
				IPHONEOS_DEPLOYMENT_TARGET = 10.2;
				MTL_ENABLE_DEBUG_INFO = NO;
				SDKROOT = iphoneos;
				VALIDATE_PRODUCT = YES;
			};
			name = Release;
		};
		DFE715DE1E4ACB8200498449 /* Debug */ = {
			isa = XCBuildConfiguration;
			buildSettings = {
				ASSETCATALOG_COMPILER_APPICON_NAME = AppIcon;
				DEVELOPMENT_TEAM = BMUQH3K6HK;
				INFOPLIST_FILE = WyhShowEmptyCategory/Info.plist;
				IPHONEOS_DEPLOYMENT_TARGET = 8.0;
				LD_RUNPATH_SEARCH_PATHS = "$(inherited) @executable_path/Frameworks";
				PRODUCT_BUNDLE_IDENTIFIER = "--------.WyhShowEmptyCategory";
				PRODUCT_NAME = "$(TARGET_NAME)";
			};
			name = Debug;
		};
		DFE715DF1E4ACB8200498449 /* Release */ = {
			isa = XCBuildConfiguration;
			buildSettings = {
				ASSETCATALOG_COMPILER_APPICON_NAME = AppIcon;
				DEVELOPMENT_TEAM = BMUQH3K6HK;
				INFOPLIST_FILE = WyhShowEmptyCategory/Info.plist;
				IPHONEOS_DEPLOYMENT_TARGET = 8.0;
				LD_RUNPATH_SEARCH_PATHS = "$(inherited) @executable_path/Frameworks";
				PRODUCT_BUNDLE_IDENTIFIER = "--------.WyhShowEmptyCategory";
				PRODUCT_NAME = "$(TARGET_NAME)";
			};
			name = Release;
		};
		DFE715E11E4ACB8200498449 /* Debug */ = {
			isa = XCBuildConfiguration;
			buildSettings = {
				BUNDLE_LOADER = "$(TEST_HOST)";
				INFOPLIST_FILE = WyhShowEmptyCategoryTests/Info.plist;
				LD_RUNPATH_SEARCH_PATHS = "$(inherited) @executable_path/Frameworks @loader_path/Frameworks";
				PRODUCT_BUNDLE_IDENTIFIER = "--------.WyhShowEmptyCategoryTests";
				PRODUCT_NAME = "$(TARGET_NAME)";
				TEST_HOST = "$(BUILT_PRODUCTS_DIR)/WyhShowEmptyCategory.app/WyhShowEmptyCategory";
			};
			name = Debug;
		};
		DFE715E21E4ACB8200498449 /* Release */ = {
			isa = XCBuildConfiguration;
			buildSettings = {
				BUNDLE_LOADER = "$(TEST_HOST)";
				INFOPLIST_FILE = WyhShowEmptyCategoryTests/Info.plist;
				LD_RUNPATH_SEARCH_PATHS = "$(inherited) @executable_path/Frameworks @loader_path/Frameworks";
				PRODUCT_BUNDLE_IDENTIFIER = "--------.WyhShowEmptyCategoryTests";
				PRODUCT_NAME = "$(TARGET_NAME)";
				TEST_HOST = "$(BUILT_PRODUCTS_DIR)/WyhShowEmptyCategory.app/WyhShowEmptyCategory";
			};
			name = Release;
		};
		DFE715E41E4ACB8200498449 /* Debug */ = {
			isa = XCBuildConfiguration;
			buildSettings = {
				INFOPLIST_FILE = WyhShowEmptyCategoryUITests/Info.plist;
				LD_RUNPATH_SEARCH_PATHS = "$(inherited) @executable_path/Frameworks @loader_path/Frameworks";
				PRODUCT_BUNDLE_IDENTIFIER = "--------.WyhShowEmptyCategoryUITests";
				PRODUCT_NAME = "$(TARGET_NAME)";
				TEST_TARGET_NAME = WyhShowEmptyCategory;
			};
			name = Debug;
		};
		DFE715E51E4ACB8200498449 /* Release */ = {
			isa = XCBuildConfiguration;
			buildSettings = {
				INFOPLIST_FILE = WyhShowEmptyCategoryUITests/Info.plist;
				LD_RUNPATH_SEARCH_PATHS = "$(inherited) @executable_path/Frameworks @loader_path/Frameworks";
				PRODUCT_BUNDLE_IDENTIFIER = "--------.WyhShowEmptyCategoryUITests";
				PRODUCT_NAME = "$(TARGET_NAME)";
				TEST_TARGET_NAME = WyhShowEmptyCategory;
			};
			name = Release;
		};
/* End XCBuildConfiguration section */

/* Begin XCConfigurationList section */
		DFE715AB1E4ACB8200498449 /* Build configuration list for PBXProject "WyhShowEmptyCategory" */ = {
			isa = XCConfigurationList;
			buildConfigurations = (
				DFE715DB1E4ACB8200498449 /* Debug */,
				DFE715DC1E4ACB8200498449 /* Release */,
			);
			defaultConfigurationIsVisible = 0;
			defaultConfigurationName = Release;
		};
		DFE715DD1E4ACB8200498449 /* Build configuration list for PBXNativeTarget "WyhShowEmptyCategory" */ = {
			isa = XCConfigurationList;
			buildConfigurations = (
				DFE715DE1E4ACB8200498449 /* Debug */,
				DFE715DF1E4ACB8200498449 /* Release */,
			);
			defaultConfigurationIsVisible = 0;
			defaultConfigurationName = Release;
		};
		DFE715E01E4ACB8200498449 /* Build configuration list for PBXNativeTarget "WyhShowEmptyCategoryTests" */ = {
			isa = XCConfigurationList;
			buildConfigurations = (
				DFE715E11E4ACB8200498449 /* Debug */,
				DFE715E21E4ACB8200498449 /* Release */,
			);
			defaultConfigurationIsVisible = 0;
			defaultConfigurationName = Release;
		};
		DFE715E31E4ACB8200498449 /* Build configuration list for PBXNativeTarget "WyhShowEmptyCategoryUITests" */ = {
			isa = XCConfigurationList;
			buildConfigurations = (
				DFE715E41E4ACB8200498449 /* Debug */,
				DFE715E51E4ACB8200498449 /* Release */,
			);
			defaultConfigurationIsVisible = 0;
			defaultConfigurationName = Release;
		};
/* End XCConfigurationList section */
	};
	rootObject = DFE715A81E4ACB8200498449 /* Project object */;
}
